// !$*UTF8*$!
{
	archiveVersion = 1;
	classes = {
	};
	objectVersion = 56;
	objects = {

/* Begin PBXBuildFile section */
		8E5ECE452A44FE330096502D /* AppDelegate.swift in Sources */ = {isa = PBXBuildFile; fileRef = 8E5ECE442A44FE330096502D /* AppDelegate.swift */; };
		8E5ECE472A44FE330096502D /* SceneDelegate.swift in Sources */ = {isa = PBXBuildFile; fileRef = 8E5ECE462A44FE330096502D /* SceneDelegate.swift */; };
		8E5ECE492A44FE330096502D /* ViewController.swift in Sources */ = {isa = PBXBuildFile; fileRef = 8E5ECE482A44FE330096502D /* ViewController.swift */; };
		8E5ECE4C2A44FE330096502D /* Main.storyboard in Resources */ = {isa = PBXBuildFile; fileRef = 8E5ECE4A2A44FE330096502D /* Main.storyboard */; };
		8E5ECE4E2A44FE340096502D /* Assets.xcassets in Resources */ = {isa = PBXBuildFile; fileRef = 8E5ECE4D2A44FE340096502D /* Assets.xcassets */; };
		8E5ECE512A44FE340096502D /* LaunchScreen.storyboard in Resources */ = {isa = PBXBuildFile; fileRef = 8E5ECE4F2A44FE340096502D /* LaunchScreen.storyboard */; };
		8E5ECE592A5C80A50096502D /* ObjectRecognizer.swift in Sources */ = {isa = PBXBuildFile; fileRef = 8E5ECE582A5C80A50096502D /* ObjectRecognizer.swift */; };
		8ED093022A5DE7830036E61A /* ObjectVisualLookup.swift in Sources */ = {isa = PBXBuildFile; fileRef = 8ED093012A5DE7830036E61A /* ObjectVisualLookup.swift */; };
/* End PBXBuildFile section */

/* Begin PBXFileReference section */
		8E5ECE412A44FE330096502D /* ExtractObjectFromImage.app */ = {isa = PBXFileReference; explicitFileType = wrapper.application; includeInIndex = 0; path = ExtractObjectFromImage.app; sourceTree = BUILT_PRODUCTS_DIR; };
		8E5ECE442A44FE330096502D /* AppDelegate.swift */ = {isa = PBXFileReference; lastKnownFileType = sourcecode.swift; path = AppDelegate.swift; sourceTree = "<group>"; };
		8E5ECE462A44FE330096502D /* SceneDelegate.swift */ = {isa = PBXFileReference; lastKnownFileType = sourcecode.swift; path = SceneDelegate.swift; sourceTree = "<group>"; };
		8E5ECE482A44FE330096502D /* ViewController.swift */ = {isa = PBXFileReference; lastKnownFileType = sourcecode.swift; path = ViewController.swift; sourceTree = "<group>"; };
		8E5ECE4B2A44FE330096502D /* Base */ = {isa = PBXFileReference; lastKnownFileType = file.storyboard; name = Base; path = Base.lproj/Main.storyboard; sourceTree = "<group>"; };
		8E5ECE4D2A44FE340096502D /* Assets.xcassets */ = {isa = PBXFileReference; lastKnownFileType = folder.assetcatalog; path = Assets.xcassets; sourceTree = "<group>"; };
		8E5ECE502A44FE340096502D /* Base */ = {isa = PBXFileReference; lastKnownFileType = file.storyboard; name = Base; path = Base.lproj/LaunchScreen.storyboard; sourceTree = "<group>"; };
		8E5ECE522A44FE340096502D /* Info.plist */ = {isa = PBXFileReference; lastKnownFileType = text.plist.xml; path = Info.plist; sourceTree = "<group>"; };
		8E5ECE582A5C80A50096502D /* ObjectRecognizer.swift */ = {isa = PBXFileReference; lastKnownFileType = sourcecode.swift; path = ObjectRecognizer.swift; sourceTree = "<group>"; };
		8ED093012A5DE7830036E61A /* ObjectVisualLookup.swift */ = {isa = PBXFileReference; lastKnownFileType = sourcecode.swift; path = ObjectVisualLookup.swift; sourceTree = "<group>"; };
/* End PBXFileReference section */

/* Begin PBXFrameworksBuildPhase section */
		8E5ECE3E2A44FE330096502D /* Frameworks */ = {
			isa = PBXFrameworksBuildPhase;
			buildActionMask = 2147483647;
			files = (
			);
			runOnlyForDeploymentPostprocessing = 0;
		};
/* End PBXFrameworksBuildPhase section */

/* Begin PBXGroup section */
		8E5ECE382A44FE330096502D = {
			isa = PBXGroup;
			children = (
				8E5ECE432A44FE330096502D /* ExtractObjectFromImage */,
				8E5ECE422A44FE330096502D /* Products */,
			);
			sourceTree = "<group>";
		};
		8E5ECE422A44FE330096502D /* Products */ = {
			isa = PBXGroup;
			children = (
				8E5ECE412A44FE330096502D /* ExtractObjectFromImage.app */,
			);
			name = Products;
			sourceTree = "<group>";
		};
		8E5ECE432A44FE330096502D /* ExtractObjectFromImage */ = {
			isa = PBXGroup;
			children = (
				8E5ECE442A44FE330096502D /* AppDelegate.swift */,
				8E5ECE462A44FE330096502D /* SceneDelegate.swift */,
				8E5ECE482A44FE330096502D /* ViewController.swift */,
				8E5ECE582A5C80A50096502D /* ObjectRecognizer.swift */,
				8ED093012A5DE7830036E61A /* ObjectVisualLookup.swift */,
				8E5ECE4A2A44FE330096502D /* Main.storyboard */,
				8E5ECE4D2A44FE340096502D /* Assets.xcassets */,
				8E5ECE4F2A44FE340096502D /* LaunchScreen.storyboard */,
				8E5ECE522A44FE340096502D /* Info.plist */,
			);
			path = ExtractObjectFromImage;
			sourceTree = "<group>";
		};
/* End PBXGroup section */

/* Begin PBXNativeTarget section */
		8E5ECE402A44FE330096502D /* ExtractObjectFromImage */ = {
			isa = PBXNativeTarget;
			buildConfigurationList = 8E5ECE552A44FE340096502D /* Build configuration list for PBXNativeTarget "ExtractObjectFromImage" */;
			buildPhases = (
				8E5ECE3D2A44FE330096502D /* Sources */,
				8E5ECE3E2A44FE330096502D /* Frameworks */,
				8E5ECE3F2A44FE330096502D /* Resources */,
			);
			buildRules = (
			);
			dependencies = (
			);
			name = ExtractObjectFromImage;
			productName = ExtractObjectFromImage;
			productReference = 8E5ECE412A44FE330096502D /* ExtractObjectFromImage.app */;
			productType = "com.apple.product-type.application";
		};
/* End PBXNativeTarget section */

/* Begin PBXProject section */
		8E5ECE392A44FE330096502D /* Project object */ = {
			isa = PBXProject;
			attributes = {
				BuildIndependentTargetsInParallel = 1;
				LastSwiftUpdateCheck = 1410;
				LastUpgradeCheck = 1500;
				TargetAttributes = {
					8E5ECE402A44FE330096502D = {
						CreatedOnToolsVersion = 14.1;
					};
				};
			};
			buildConfigurationList = 8E5ECE3C2A44FE330096502D /* Build configuration list for PBXProject "ExtractObjectFromImage" */;
			compatibilityVersion = "Xcode 14.0";
			developmentRegion = en;
			hasScannedForEncodings = 0;
			knownRegions = (
				en,
				Base,
			);
			mainGroup = 8E5ECE382A44FE330096502D;
			productRefGroup = 8E5ECE422A44FE330096502D /* Products */;
			projectDirPath = "";
			projectRoot = "";
			targets = (
				8E5ECE402A44FE330096502D /* ExtractObjectFromImage */,
			);
		};
/* End PBXProject section */

/* Begin PBXResourcesBuildPhase section */
		8E5ECE3F2A44FE330096502D /* Resources */ = {
			isa = PBXResourcesBuildPhase;
			buildActionMask = 2147483647;
			files = (
				8E5ECE512A44FE340096502D /* LaunchScreen.storyboard in Resources */,
				8E5ECE4E2A44FE340096502D /* Assets.xcassets in Resources */,
				8E5ECE4C2A44FE330096502D /* Main.storyboard in Resources */,
			);
			runOnlyForDeploymentPostprocessing = 0;
		};
/* End PBXResourcesBuildPhase section */

/* Begin PBXSourcesBuildPhase section */
		8E5ECE3D2A44FE330096502D /* Sources */ = {
			isa = PBXSourcesBuildPhase;
			buildActionMask = 2147483647;
			files = (
				8E5ECE592A5C80A50096502D /* ObjectRecognizer.swift in Sources */,
				8E5ECE492A44FE330096502D /* ViewController.swift in Sources */,
				8E5ECE452A44FE330096502D /* AppDelegate.swift in Sources */,
				8ED093022A5DE7830036E61A /* ObjectVisualLookup.swift in Sources */,
				8E5ECE472A44FE330096502D /* SceneDelegate.swift in Sources */,
			);
			runOnlyForDeploymentPostprocessing = 0;
		};
/* End PBXSourcesBuildPhase section */

/* Begin PBXVariantGroup section */
		8E5ECE4A2A44FE330096502D /* Main.storyboard */ = {
			isa = PBXVariantGroup;
			children = (
				8E5ECE4B2A44FE330096502D /* Base */,
			);
			name = Main.storyboard;
			sourceTree = "<group>";
		};
		8E5ECE4F2A44FE340096502D /* LaunchScreen.storyboard */ = {
			isa = PBXVariantGroup;
			children = (
				8E5ECE502A44FE340096502D /* Base */,
			);
			name = LaunchScreen.storyboard;
			sourceTree = "<group>";
		};
/* End PBXVariantGroup section */

/* Begin XCBuildConfiguration section */
		8E5ECE532A44FE340096502D /* Debug */ = {
			isa = XCBuildConfiguration;
			buildSettings = {
				ALWAYS_SEARCH_USER_PATHS = NO;
				CLANG_ANALYZER_NONNULL = YES;
				CLANG_ANALYZER_NUMBER_OBJECT_CONVERSION = YES_AGGRESSIVE;
				CLANG_CXX_LANGUAGE_STANDARD = "gnu++20";
				CLANG_ENABLE_MODULES = YES;
				CLANG_ENABLE_OBJC_ARC = YES;
				CLANG_ENABLE_OBJC_WEAK = YES;
				CLANG_WARN_BLOCK_CAPTURE_AUTORELEASING = YES;
				CLANG_WARN_BOOL_CONVERSION = YES;
				CLANG_WARN_COMMA = YES;
				CLANG_WARN_CONSTANT_CONVERSION = YES;
				CLANG_WARN_DEPRECATED_OBJC_IMPLEMENTATIONS = YES;
				CLANG_WARN_DIRECT_OBJC_ISA_USAGE = YES_ERROR;
				CLANG_WARN_DOCUMENTATION_COMMENTS = YES;
				CLANG_WARN_EMPTY_BODY = YES;
				CLANG_WARN_ENUM_CONVERSION = YES;
				CLANG_WARN_INFINITE_RECURSION = YES;
				CLANG_WARN_INT_CONVERSION = YES;
				CLANG_WARN_NON_LITERAL_NULL_CONVERSION = YES;
				CLANG_WARN_OBJC_IMPLICIT_RETAIN_SELF = YES;
				CLANG_WARN_OBJC_LITERAL_CONVERSION = YES;
				CLANG_WARN_OBJC_ROOT_CLASS = YES_ERROR;
				CLANG_WARN_QUOTED_INCLUDE_IN_FRAMEWORK_HEADER = YES;
				CLANG_WARN_RANGE_LOOP_ANALYSIS = YES;
				CLANG_WARN_STRICT_PROTOTYPES = YES;
				CLANG_WARN_SUSPICIOUS_MOVE = YES;
				CLANG_WARN_UNGUARDED_AVAILABILITY = YES_AGGRESSIVE;
				CLANG_WARN_UNREACHABLE_CODE = YES;
				CLANG_WARN__DUPLICATE_METHOD_MATCH = YES;
				COPY_PHASE_STRIP = NO;
				DEBUG_INFORMATION_FORMAT = dwarf;
				ENABLE_STRICT_OBJC_MSGSEND = YES;
				ENABLE_TESTABILITY = YES;
				ENABLE_USER_SCRIPT_SANDBOXING = YES;
				GCC_C_LANGUAGE_STANDARD = gnu11;
				GCC_DYNAMIC_NO_PIC = NO;
				GCC_NO_COMMON_BLOCKS = YES;
				GCC_OPTIMIZATION_LEVEL = 0;
				GCC_PREPROCESSOR_DEFINITIONS = (
					"DEBUG=1",
					"$(inherited)",
				);
				GCC_WARN_64_TO_32_BIT_CONVERSION = YES;
				GCC_WARN_ABOUT_RETURN_TYPE = YES_ERROR;
				GCC_WARN_UNDECLARED_SELECTOR = YES;
				GCC_WARN_UNINITIALIZED_AUTOS = YES_AGGRESSIVE;
				GCC_WARN_UNUSED_FUNCTION = YES;
				GCC_WARN_UNUSED_VARIABLE = YES;
				IPHONEOS_DEPLOYMENT_TARGET = 17.0;
				MTL_ENABLE_DEBUG_INFO = INCLUDE_SOURCE;
				MTL_FAST_MATH = YES;
				ONLY_ACTIVE_ARCH = YES;
				SDKROOT = iphoneos;
				SWIFT_ACTIVE_COMPILATION_CONDITIONS = DEBUG;
				SWIFT_OPTIMIZATION_LEVEL = "-Onone";
			};
			name = Debug;
		};
		8E5ECE542A44FE340096502D /* Release */ = {
			isa = XCBuildConfiguration;
			buildSettings = {
				ALWAYS_SEARCH_USER_PATHS = NO;
				CLANG_ANALYZER_NONNULL = YES;
				CLANG_ANALYZER_NUMBER_OBJECT_CONVERSION = YES_AGGRESSIVE;
				CLANG_CXX_LANGUAGE_STANDARD = "gnu++20";
				CLANG_ENABLE_MODULES = YES;
				CLANG_ENABLE_OBJC_ARC = YES;
				CLANG_ENABLE_OBJC_WEAK = YES;
				CLANG_WARN_BLOCK_CAPTURE_AUTORELEASING = YES;
				CLANG_WARN_BOOL_CONVERSION = YES;
				CLANG_WARN_COMMA = YES;
				CLANG_WARN_CONSTANT_CONVERSION = YES;
				CLANG_WARN_DEPRECATED_OBJC_IMPLEMENTATIONS = YES;
				CLANG_WARN_DIRECT_OBJC_ISA_USAGE = YES_ERROR;
				CLANG_WARN_DOCUMENTATION_COMMENTS = YES;
				CLANG_WARN_EMPTY_BODY = YES;
				CLANG_WARN_ENUM_CONVERSION = YES;
				CLANG_WARN_INFINITE_RECURSION = YES;
				CLANG_WARN_INT_CONVERSION = YES;
				CLANG_WARN_NON_LITERAL_NULL_CONVERSION = YES;
				CLANG_WARN_OBJC_IMPLICIT_RETAIN_SELF = YES;
				CLANG_WARN_OBJC_LITERAL_CONVERSION = YES;
				CLANG_WARN_OBJC_ROOT_CLASS = YES_ERROR;
				CLANG_WARN_QUOTED_INCLUDE_IN_FRAMEWORK_HEADER = YES;
				CLANG_WARN_RANGE_LOOP_ANALYSIS = YES;
				CLANG_WARN_STRICT_PROTOTYPES = YES;
				CLANG_WARN_SUSPICIOUS_MOVE = YES;
				CLANG_WARN_UNGUARDED_AVAILABILITY = YES_AGGRESSIVE;
				CLANG_WARN_UNREACHABLE_CODE = YES;
				CLANG_WARN__DUPLICATE_METHOD_MATCH = YES;
				COPY_PHASE_STRIP = NO;
				DEBUG_INFORMATION_FORMAT = "dwarf-with-dsym";
				ENABLE_NS_ASSERTIONS = NO;
				ENABLE_STRICT_OBJC_MSGSEND = YES;
				ENABLE_USER_SCRIPT_SANDBOXING = YES;
				GCC_C_LANGUAGE_STANDARD = gnu11;
				GCC_NO_COMMON_BLOCKS = YES;
				GCC_WARN_64_TO_32_BIT_CONVERSION = YES;
				GCC_WARN_ABOUT_RETURN_TYPE = YES_ERROR;
				GCC_WARN_UNDECLARED_SELECTOR = YES;
				GCC_WARN_UNINITIALIZED_AUTOS = YES_AGGRESSIVE;
				GCC_WARN_UNUSED_FUNCTION = YES;
				GCC_WARN_UNUSED_VARIABLE = YES;
				IPHONEOS_DEPLOYMENT_TARGET = 17.0;
				MTL_ENABLE_DEBUG_INFO = NO;
				MTL_FAST_MATH = YES;
				SDKROOT = iphoneos;
				SWIFT_COMPILATION_MODE = wholemodule;
				SWIFT_OPTIMIZATION_LEVEL = "-O";
				VALIDATE_PRODUCT = YES;
			};
			name = Release;
		};
		8E5ECE562A44FE340096502D /* Debug */ = {
			isa = XCBuildConfiguration;
			buildSettings = {
				ASSETCATALOG_COMPILER_APPICON_NAME = AppIcon;
				ASSETCATALOG_COMPILER_GLOBAL_ACCENT_COLOR_NAME = AccentColor;
				CODE_SIGN_IDENTITY = "Apple Development";
				CODE_SIGN_STYLE = Automatic;
				CURRENT_PROJECT_VERSION = 1;
				DEVELOPMENT_TEAM = M4EZ4J3476;
				GENERATE_INFOPLIST_FILE = YES;
				INFOPLIST_FILE = ExtractObjectFromImage/Info.plist;
				INFOPLIST_KEY_UIApplicationSupportsIndirectInputEvents = YES;
				INFOPLIST_KEY_UILaunchStoryboardName = LaunchScreen;
				INFOPLIST_KEY_UIMainStoryboardFile = Main;
				INFOPLIST_KEY_UISupportedInterfaceOrientations_iPad = "UIInterfaceOrientationPortrait UIInterfaceOrientationPortraitUpsideDown UIInterfaceOrientationLandscapeLeft UIInterfaceOrientationLandscapeRight";
				INFOPLIST_KEY_UISupportedInterfaceOrientations_iPhone = "UIInterfaceOrientationPortrait UIInterfaceOrientationLandscapeLeft UIInterfaceOrientationLandscapeRight";
				IPHONEOS_DEPLOYMENT_TARGET = 17.0;
				LD_RUNPATH_SEARCH_PATHS = (
					"$(inherited)",
					"@executable_path/Frameworks",
				);
				MARKETING_VERSION = 1.0;
				PRODUCT_BUNDLE_IDENTIFIER = kavana.ExtractObjectFromImage;
				PRODUCT_NAME = "$(TARGET_NAME)";
				PROVISIONING_PROFILE_SPECIFIER = "";
				SWIFT_EMIT_LOC_STRINGS = YES;
				SWIFT_VERSION = 5.0;
				TARGETED_DEVICE_FAMILY = "1,2";
			};
			name = Debug;
		};
		8E5ECE572A44FE340096502D /* Release */ = {
			isa = XCBuildConfiguration;
			buildSettings = {
				ASSETCATALOG_COMPILER_APPICON_NAME = AppIcon;
				ASSETCATALOG_COMPILER_GLOBAL_ACCENT_COLOR_NAME = AccentColor;
				CODE_SIGN_IDENTITY = "Apple Development";
				CODE_SIGN_STYLE = Automatic;
				CURRENT_PROJECT_VERSION = 1;
				DEVELOPMENT_TEAM = M4EZ4J3476;
				GENERATE_INFOPLIST_FILE = YES;
				INFOPLIST_FILE = ExtractObjectFromImage/Info.plist;
				INFOPLIST_KEY_UIApplicationSupportsIndirectInputEvents = YES;
				INFOPLIST_KEY_UILaunchStoryboardName = LaunchScreen;
				INFOPLIST_KEY_UIMainStoryboardFile = Main;
				INFOPLIST_KEY_UISupportedInterfaceOrientations_iPad = "UIInterfaceOrientationPortrait UIInterfaceOrientationPortraitUpsideDown UIInterfaceOrientationLandscapeLeft UIInterfaceOrientationLandscapeRight";
				INFOPLIST_KEY_UISupportedInterfaceOrientations_iPhone = "UIInterfaceOrientationPortrait UIInterfaceOrientationLandscapeLeft UIInterfaceOrientationLandscapeRight";
				IPHONEOS_DEPLOYMENT_TARGET = 17.0;
				LD_RUNPATH_SEARCH_PATHS = (
					"$(inherited)",
					"@executable_path/Frameworks",
				);
				MARKETING_VERSION = 1.0;
				PRODUCT_BUNDLE_IDENTIFIER = kavana.ExtractObjectFromImage;
				PRODUCT_NAME = "$(TARGET_NAME)";
				PROVISIONING_PROFILE_SPECIFIER = "";
				SWIFT_EMIT_LOC_STRINGS = YES;
				SWIFT_VERSION = 5.0;
				TARGETED_DEVICE_FAMILY = "1,2";
			};
			name = Release;
		};
/* End XCBuildConfiguration section */

/* Begin XCConfigurationList section */
		8E5ECE3C2A44FE330096502D /* Build configuration list for PBXProject "ExtractObjectFromImage" */ = {
			isa = XCConfigurationList;
			buildConfigurations = (
				8E5ECE532A44FE340096502D /* Debug */,
				8E5ECE542A44FE340096502D /* Release */,
			);
			defaultConfigurationIsVisible = 0;
			defaultConfigurationName = Release;
		};
		8E5ECE552A44FE340096502D /* Build configuration list for PBXNativeTarget "ExtractObjectFromImage" */ = {
			isa = XCConfigurationList;
			buildConfigurations = (
				8E5ECE562A44FE340096502D /* Debug */,
				8E5ECE572A44FE340096502D /* Release */,
			);
			defaultConfigurationIsVisible = 0;
			defaultConfigurationName = Release;
		};
/* End XCConfigurationList section */
	};
	rootObject = 8E5ECE392A44FE330096502D /* Project object */;
}
